// !$*UTF8*$!
{
	archiveVersion = 1;
	classes = {
	};
	objectVersion = 50;
	objects = {

/* Begin PBXBuildFile section */
		5EEB774F386786BB4C22F96D /* Pods_flix_appTests.framework in Frameworks */ = {isa = PBXBuildFile; fileRef = 33365D11E00863F23F60C5CF /* Pods_flix_appTests.framework */; };
		5F0057A2F64C8D7330CF894A /* Pods_flix_app.framework in Frameworks */ = {isa = PBXBuildFile; fileRef = 1FD4C307096DA3D9C5AE4C4F /* Pods_flix_app.framework */; };
		74F65CC42141F13C004C1AAA /* AppDelegate.swift in Sources */ = {isa = PBXBuildFile; fileRef = 74F65CC32141F13C004C1AAA /* AppDelegate.swift */; };
		74F65CC92141F13C004C1AAA /* Main.storyboard in Resources */ = {isa = PBXBuildFile; fileRef = 74F65CC72141F13C004C1AAA /* Main.storyboard */; };
		74F65CCB2141F13D004C1AAA /* Assets.xcassets in Resources */ = {isa = PBXBuildFile; fileRef = 74F65CCA2141F13D004C1AAA /* Assets.xcassets */; };
		74F65CCE2141F13D004C1AAA /* LaunchScreen.storyboard in Resources */ = {isa = PBXBuildFile; fileRef = 74F65CCC2141F13D004C1AAA /* LaunchScreen.storyboard */; };
		74F65CD92141F13D004C1AAA /* flix_appTests.swift in Sources */ = {isa = PBXBuildFile; fileRef = 74F65CD82141F13D004C1AAA /* flix_appTests.swift */; };
		74F65CE42141F13D004C1AAA /* flix_appUITests.swift in Sources */ = {isa = PBXBuildFile; fileRef = 74F65CE32141F13D004C1AAA /* flix_appUITests.swift */; };
		74F65CF221420B28004C1AAA /* NowPlayingViewController.swift in Sources */ = {isa = PBXBuildFile; fileRef = 74F65CF121420B28004C1AAA /* NowPlayingViewController.swift */; };
		74FCAB96214468A600A3CAF1 /* MovieCell.swift in Sources */ = {isa = PBXBuildFile; fileRef = 74FCAB95214468A600A3CAF1 /* MovieCell.swift */; };
		A26D4B5BC6550EBB694FFEC6 /* Pods_flix_appUITests.framework in Frameworks */ = {isa = PBXBuildFile; fileRef = 0E9FD98746FA331094C2BE75 /* Pods_flix_appUITests.framework */; };
/* End PBXBuildFile section */

/* Begin PBXContainerItemProxy section */
		74F65CD52141F13D004C1AAA /* PBXContainerItemProxy */ = {
			isa = PBXContainerItemProxy;
			containerPortal = 74F65CB82141F13B004C1AAA /* Project object */;
			proxyType = 1;
			remoteGlobalIDString = 74F65CBF2141F13B004C1AAA;
			remoteInfo = flix_app;
		};
		74F65CE02141F13D004C1AAA /* PBXContainerItemProxy */ = {
			isa = PBXContainerItemProxy;
			containerPortal = 74F65CB82141F13B004C1AAA /* Project object */;
			proxyType = 1;
			remoteGlobalIDString = 74F65CBF2141F13B004C1AAA;
			remoteInfo = flix_app;
		};
/* End PBXContainerItemProxy section */

/* Begin PBXFileReference section */
		0E9FD98746FA331094C2BE75 /* Pods_flix_appUITests.framework */ = {isa = PBXFileReference; explicitFileType = wrapper.framework; includeInIndex = 0; path = Pods_flix_appUITests.framework; sourceTree = BUILT_PRODUCTS_DIR; };
		1FD4C307096DA3D9C5AE4C4F /* Pods_flix_app.framework */ = {isa = PBXFileReference; explicitFileType = wrapper.framework; includeInIndex = 0; path = Pods_flix_app.framework; sourceTree = BUILT_PRODUCTS_DIR; };
		2D6C2C1F79564ECB973F02DB /* Pods-flix_appUITests.debug.xcconfig */ = {isa = PBXFileReference; includeInIndex = 1; lastKnownFileType = text.xcconfig; name = "Pods-flix_appUITests.debug.xcconfig"; path = "Pods/Target Support Files/Pods-flix_appUITests/Pods-flix_appUITests.debug.xcconfig"; sourceTree = "<group>"; };
		33365D11E00863F23F60C5CF /* Pods_flix_appTests.framework */ = {isa = PBXFileReference; explicitFileType = wrapper.framework; includeInIndex = 0; path = Pods_flix_appTests.framework; sourceTree = BUILT_PRODUCTS_DIR; };
		495E382C9FA6F66540C386C4 /* Pods-flix_appUITests.release.xcconfig */ = {isa = PBXFileReference; includeInIndex = 1; lastKnownFileType = text.xcconfig; name = "Pods-flix_appUITests.release.xcconfig"; path = "Pods/Target Support Files/Pods-flix_appUITests/Pods-flix_appUITests.release.xcconfig"; sourceTree = "<group>"; };
		63E7D6F767A963959F708B8D /* Pods-flix_appTests.debug.xcconfig */ = {isa = PBXFileReference; includeInIndex = 1; lastKnownFileType = text.xcconfig; name = "Pods-flix_appTests.debug.xcconfig"; path = "Pods/Target Support Files/Pods-flix_appTests/Pods-flix_appTests.debug.xcconfig"; sourceTree = "<group>"; };
		74F65CC02141F13C004C1AAA /* flix_app.app */ = {isa = PBXFileReference; explicitFileType = wrapper.application; includeInIndex = 0; path = flix_app.app; sourceTree = BUILT_PRODUCTS_DIR; };
		74F65CC32141F13C004C1AAA /* AppDelegate.swift */ = {isa = PBXFileReference; lastKnownFileType = sourcecode.swift; path = AppDelegate.swift; sourceTree = "<group>"; };
		74F65CC82141F13C004C1AAA /* Base */ = {isa = PBXFileReference; lastKnownFileType = file.storyboard; name = Base; path = Base.lproj/Main.storyboard; sourceTree = "<group>"; };
		74F65CCA2141F13D004C1AAA /* Assets.xcassets */ = {isa = PBXFileReference; lastKnownFileType = folder.assetcatalog; path = Assets.xcassets; sourceTree = "<group>"; };
		74F65CCD2141F13D004C1AAA /* Base */ = {isa = PBXFileReference; lastKnownFileType = file.storyboard; name = Base; path = Base.lproj/LaunchScreen.storyboard; sourceTree = "<group>"; };
		74F65CCF2141F13D004C1AAA /* Info.plist */ = {isa = PBXFileReference; lastKnownFileType = text.plist.xml; path = Info.plist; sourceTree = "<group>"; };
		74F65CD42141F13D004C1AAA /* flix_appTests.xctest */ = {isa = PBXFileReference; explicitFileType = wrapper.cfbundle; includeInIndex = 0; path = flix_appTests.xctest; sourceTree = BUILT_PRODUCTS_DIR; };
		74F65CD82141F13D004C1AAA /* flix_appTests.swift */ = {isa = PBXFileReference; lastKnownFileType = sourcecode.swift; path = flix_appTests.swift; sourceTree = "<group>"; };
		74F65CDA2141F13D004C1AAA /* Info.plist */ = {isa = PBXFileReference; lastKnownFileType = text.plist.xml; path = Info.plist; sourceTree = "<group>"; };
		74F65CDF2141F13D004C1AAA /* flix_appUITests.xctest */ = {isa = PBXFileReference; explicitFileType = wrapper.cfbundle; includeInIndex = 0; path = flix_appUITests.xctest; sourceTree = BUILT_PRODUCTS_DIR; };
		74F65CE32141F13D004C1AAA /* flix_appUITests.swift */ = {isa = PBXFileReference; lastKnownFileType = sourcecode.swift; path = flix_appUITests.swift; sourceTree = "<group>"; };
		74F65CE52141F13D004C1AAA /* Info.plist */ = {isa = PBXFileReference; lastKnownFileType = text.plist.xml; path = Info.plist; sourceTree = "<group>"; };
		74F65CF121420B28004C1AAA /* NowPlayingViewController.swift */ = {isa = PBXFileReference; lastKnownFileType = sourcecode.swift; path = NowPlayingViewController.swift; sourceTree = "<group>"; };
		74FCAB95214468A600A3CAF1 /* MovieCell.swift */ = {isa = PBXFileReference; lastKnownFileType = sourcecode.swift; path = MovieCell.swift; sourceTree = "<group>"; };
		95B5A650E9AC0A4F26202074 /* Pods-flix_appTests.release.xcconfig */ = {isa = PBXFileReference; includeInIndex = 1; lastKnownFileType = text.xcconfig; name = "Pods-flix_appTests.release.xcconfig"; path = "Pods/Target Support Files/Pods-flix_appTests/Pods-flix_appTests.release.xcconfig"; sourceTree = "<group>"; };
		B21E5CE57A5538E86124494A /* Pods-flix_app.release.xcconfig */ = {isa = PBXFileReference; includeInIndex = 1; lastKnownFileType = text.xcconfig; name = "Pods-flix_app.release.xcconfig"; path = "Pods/Target Support Files/Pods-flix_app/Pods-flix_app.release.xcconfig"; sourceTree = "<group>"; };
		DCF9CB5FC6C5794D1B80931A /* Pods-flix_app.debug.xcconfig */ = {isa = PBXFileReference; includeInIndex = 1; lastKnownFileType = text.xcconfig; name = "Pods-flix_app.debug.xcconfig"; path = "Pods/Target Support Files/Pods-flix_app/Pods-flix_app.debug.xcconfig"; sourceTree = "<group>"; };
/* End PBXFileReference section */

/* Begin PBXFrameworksBuildPhase section */
		74F65CBD2141F13B004C1AAA /* Frameworks */ = {
			isa = PBXFrameworksBuildPhase;
			buildActionMask = 2147483647;
			files = (
				5F0057A2F64C8D7330CF894A /* Pods_flix_app.framework in Frameworks */,
			);
			runOnlyForDeploymentPostprocessing = 0;
		};
		74F65CD12141F13D004C1AAA /* Frameworks */ = {
			isa = PBXFrameworksBuildPhase;
			buildActionMask = 2147483647;
			files = (
				5EEB774F386786BB4C22F96D /* Pods_flix_appTests.framework in Frameworks */,
			);
			runOnlyForDeploymentPostprocessing = 0;
		};
		74F65CDC2141F13D004C1AAA /* Frameworks */ = {
			isa = PBXFrameworksBuildPhase;
			buildActionMask = 2147483647;
			files = (
				A26D4B5BC6550EBB694FFEC6 /* Pods_flix_appUITests.framework in Frameworks */,
			);
			runOnlyForDeploymentPostprocessing = 0;
		};
/* End PBXFrameworksBuildPhase section */

/* Begin PBXGroup section */
		02BC09F256C244F10511CC9D /* Frameworks */ = {
			isa = PBXGroup;
			children = (
				1FD4C307096DA3D9C5AE4C4F /* Pods_flix_app.framework */,
				33365D11E00863F23F60C5CF /* Pods_flix_appTests.framework */,
				0E9FD98746FA331094C2BE75 /* Pods_flix_appUITests.framework */,
			);
			name = Frameworks;
			sourceTree = "<group>";
		};
		14DD19C6229158A44893D876 /* Pods */ = {
			isa = PBXGroup;
			children = (
				DCF9CB5FC6C5794D1B80931A /* Pods-flix_app.debug.xcconfig */,
				B21E5CE57A5538E86124494A /* Pods-flix_app.release.xcconfig */,
				63E7D6F767A963959F708B8D /* Pods-flix_appTests.debug.xcconfig */,
				95B5A650E9AC0A4F26202074 /* Pods-flix_appTests.release.xcconfig */,
				2D6C2C1F79564ECB973F02DB /* Pods-flix_appUITests.debug.xcconfig */,
				495E382C9FA6F66540C386C4 /* Pods-flix_appUITests.release.xcconfig */,
			);
			name = Pods;
			sourceTree = "<group>";
		};
		74F65CB72141F13B004C1AAA = {
			isa = PBXGroup;
			children = (
				74F65CC22141F13C004C1AAA /* flix_app */,
				74F65CD72141F13D004C1AAA /* flix_appTests */,
				74F65CE22141F13D004C1AAA /* flix_appUITests */,
				74F65CC12141F13C004C1AAA /* Products */,
				14DD19C6229158A44893D876 /* Pods */,
				02BC09F256C244F10511CC9D /* Frameworks */,
			);
			sourceTree = "<group>";
		};
		74F65CC12141F13C004C1AAA /* Products */ = {
			isa = PBXGroup;
			children = (
				74F65CC02141F13C004C1AAA /* flix_app.app */,
				74F65CD42141F13D004C1AAA /* flix_appTests.xctest */,
				74F65CDF2141F13D004C1AAA /* flix_appUITests.xctest */,
			);
			name = Products;
			sourceTree = "<group>";
		};
		74F65CC22141F13C004C1AAA /* flix_app */ = {
			isa = PBXGroup;
			children = (
				74F65CF121420B28004C1AAA /* NowPlayingViewController.swift */,
				74F65CC32141F13C004C1AAA /* AppDelegate.swift */,
				74F65CC72141F13C004C1AAA /* Main.storyboard */,
				74F65CCA2141F13D004C1AAA /* Assets.xcassets */,
				74F65CCC2141F13D004C1AAA /* LaunchScreen.storyboard */,
				74F65CCF2141F13D004C1AAA /* Info.plist */,
				74FCAB95214468A600A3CAF1 /* MovieCell.swift */,
			);
			path = flix_app;
			sourceTree = "<group>";
		};
		74F65CD72141F13D004C1AAA /* flix_appTests */ = {
			isa = PBXGroup;
			children = (
				74F65CD82141F13D004C1AAA /* flix_appTests.swift */,
				74F65CDA2141F13D004C1AAA /* Info.plist */,
			);
			path = flix_appTests;
			sourceTree = "<group>";
		};
		74F65CE22141F13D004C1AAA /* flix_appUITests */ = {
			isa = PBXGroup;
			children = (
				74F65CE32141F13D004C1AAA /* flix_appUITests.swift */,
				74F65CE52141F13D004C1AAA /* Info.plist */,
			);
			path = flix_appUITests;
			sourceTree = "<group>";
		};
/* End PBXGroup section */

/* Begin PBXNativeTarget section */
		74F65CBF2141F13B004C1AAA /* flix_app */ = {
			isa = PBXNativeTarget;
			buildConfigurationList = 74F65CE82141F13D004C1AAA /* Build configuration list for PBXNativeTarget "flix_app" */;
			buildPhases = (
				03BCD6DCB2FB159721BD1646 /* [CP] Check Pods Manifest.lock */,
				74F65CBC2141F13B004C1AAA /* Sources */,
				74F65CBD2141F13B004C1AAA /* Frameworks */,
				74F65CBE2141F13B004C1AAA /* Resources */,
				B2466A160D1CDD4A6ACF2E4F /* [CP] Embed Pods Frameworks */,
			);
			buildRules = (
			);
			dependencies = (
			);
			name = flix_app;
			productName = flix_app;
			productReference = 74F65CC02141F13C004C1AAA /* flix_app.app */;
			productType = "com.apple.product-type.application";
		};
		74F65CD32141F13D004C1AAA /* flix_appTests */ = {
			isa = PBXNativeTarget;
			buildConfigurationList = 74F65CEB2141F13D004C1AAA /* Build configuration list for PBXNativeTarget "flix_appTests" */;
			buildPhases = (
				90CA7C22964A4E879AF4ABE4 /* [CP] Check Pods Manifest.lock */,
				74F65CD02141F13D004C1AAA /* Sources */,
				74F65CD12141F13D004C1AAA /* Frameworks */,
				74F65CD22141F13D004C1AAA /* Resources */,
			);
			buildRules = (
			);
			dependencies = (
				74F65CD62141F13D004C1AAA /* PBXTargetDependency */,
			);
			name = flix_appTests;
			productName = flix_appTests;
			productReference = 74F65CD42141F13D004C1AAA /* flix_appTests.xctest */;
			productType = "com.apple.product-type.bundle.unit-test";
		};
		74F65CDE2141F13D004C1AAA /* flix_appUITests */ = {
			isa = PBXNativeTarget;
			buildConfigurationList = 74F65CEE2141F13D004C1AAA /* Build configuration list for PBXNativeTarget "flix_appUITests" */;
			buildPhases = (
				56342B01EDBDF77F4A2AC736 /* [CP] Check Pods Manifest.lock */,
				74F65CDB2141F13D004C1AAA /* Sources */,
				74F65CDC2141F13D004C1AAA /* Frameworks */,
				74F65CDD2141F13D004C1AAA /* Resources */,
			);
			buildRules = (
			);
			dependencies = (
				74F65CE12141F13D004C1AAA /* PBXTargetDependency */,
			);
			name = flix_appUITests;
			productName = flix_appUITests;
			productReference = 74F65CDF2141F13D004C1AAA /* flix_appUITests.xctest */;
			productType = "com.apple.product-type.bundle.ui-testing";
		};
/* End PBXNativeTarget section */

/* Begin PBXProject section */
		74F65CB82141F13B004C1AAA /* Project object */ = {
			isa = PBXProject;
			attributes = {
				LastSwiftUpdateCheck = 0940;
				LastUpgradeCheck = 0940;
				ORGANIZATIONNAME = "Fleurevca Francois";
				TargetAttributes = {
					74F65CBF2141F13B004C1AAA = {
						CreatedOnToolsVersion = 9.4.1;
					};
					74F65CD32141F13D004C1AAA = {
						CreatedOnToolsVersion = 9.4.1;
						TestTargetID = 74F65CBF2141F13B004C1AAA;
					};
					74F65CDE2141F13D004C1AAA = {
						CreatedOnToolsVersion = 9.4.1;
						TestTargetID = 74F65CBF2141F13B004C1AAA;
					};
				};
			};
			buildConfigurationList = 74F65CBB2141F13B004C1AAA /* Build configuration list for PBXProject "flix_app" */;
			compatibilityVersion = "Xcode 9.3";
			developmentRegion = en;
			hasScannedForEncodings = 0;
			knownRegions = (
				en,
				Base,
			);
			mainGroup = 74F65CB72141F13B004C1AAA;
			productRefGroup = 74F65CC12141F13C004C1AAA /* Products */;
			projectDirPath = "";
			projectRoot = "";
			targets = (
				74F65CBF2141F13B004C1AAA /* flix_app */,
				74F65CD32141F13D004C1AAA /* flix_appTests */,
				74F65CDE2141F13D004C1AAA /* flix_appUITests */,
			);
		};
/* End PBXProject section */

/* Begin PBXResourcesBuildPhase section */
		74F65CBE2141F13B004C1AAA /* Resources */ = {
			isa = PBXResourcesBuildPhase;
			buildActionMask = 2147483647;
			files = (
				74F65CCE2141F13D004C1AAA /* LaunchScreen.storyboard in Resources */,
				74F65CCB2141F13D004C1AAA /* Assets.xcassets in Resources */,
				74F65CC92141F13C004C1AAA /* Main.storyboard in Resources */,
			);
			runOnlyForDeploymentPostprocessing = 0;
		};
		74F65CD22141F13D004C1AAA /* Resources */ = {
			isa = PBXResourcesBuildPhase;
			buildActionMask = 2147483647;
			files = (
			);
			runOnlyForDeploymentPostprocessing = 0;
		};
		74F65CDD2141F13D004C1AAA /* Resources */ = {
			isa = PBXResourcesBuildPhase;
			buildActionMask = 2147483647;
			files = (
			);
			runOnlyForDeploymentPostprocessing = 0;
		};
/* End PBXResourcesBuildPhase section */

/* Begin PBXShellScriptBuildPhase section */
		03BCD6DCB2FB159721BD1646 /* [CP] Check Pods Manifest.lock */ = {
			isa = PBXShellScriptBuildPhase;
			buildActionMask = 2147483647;
			files = (
			);
			inputPaths = (
				"${PODS_PODFILE_DIR_PATH}/Podfile.lock",
				"${PODS_ROOT}/Manifest.lock",
			);
			name = "[CP] Check Pods Manifest.lock";
			outputPaths = (
				"$(DERIVED_FILE_DIR)/Pods-flix_app-checkManifestLockResult.txt",
			);
			runOnlyForDeploymentPostprocessing = 0;
			shellPath = /bin/sh;
			shellScript = "diff \"${PODS_PODFILE_DIR_PATH}/Podfile.lock\" \"${PODS_ROOT}/Manifest.lock\" > /dev/null\nif [ $? != 0 ] ; then\n    # print error to STDERR\n    echo \"error: The sandbox is not in sync with the Podfile.lock. Run 'pod install' or update your CocoaPods installation.\" >&2\n    exit 1\nfi\n# This output is used by Xcode 'outputs' to avoid re-running this script phase.\necho \"SUCCESS\" > \"${SCRIPT_OUTPUT_FILE_0}\"\n";
			showEnvVarsInLog = 0;
		};
		56342B01EDBDF77F4A2AC736 /* [CP] Check Pods Manifest.lock */ = {
			isa = PBXShellScriptBuildPhase;
			buildActionMask = 2147483647;
			files = (
			);
			inputPaths = (
				"${PODS_PODFILE_DIR_PATH}/Podfile.lock",
				"${PODS_ROOT}/Manifest.lock",
			);
			name = "[CP] Check Pods Manifest.lock";
			outputPaths = (
				"$(DERIVED_FILE_DIR)/Pods-flix_appUITests-checkManifestLockResult.txt",
			);
			runOnlyForDeploymentPostprocessing = 0;
			shellPath = /bin/sh;
			shellScript = "diff \"${PODS_PODFILE_DIR_PATH}/Podfile.lock\" \"${PODS_ROOT}/Manifest.lock\" > /dev/null\nif [ $? != 0 ] ; then\n    # print error to STDERR\n    echo \"error: The sandbox is not in sync with the Podfile.lock. Run 'pod install' or update your CocoaPods installation.\" >&2\n    exit 1\nfi\n# This output is used by Xcode 'outputs' to avoid re-running this script phase.\necho \"SUCCESS\" > \"${SCRIPT_OUTPUT_FILE_0}\"\n";
			showEnvVarsInLog = 0;
		};
		90CA7C22964A4E879AF4ABE4 /* [CP] Check Pods Manifest.lock */ = {
			isa = PBXShellScriptBuildPhase;
			buildActionMask = 2147483647;
			files = (
			);
			inputPaths = (
				"${PODS_PODFILE_DIR_PATH}/Podfile.lock",
				"${PODS_ROOT}/Manifest.lock",
			);
			name = "[CP] Check Pods Manifest.lock";
			outputPaths = (
				"$(DERIVED_FILE_DIR)/Pods-flix_appTests-checkManifestLockResult.txt",
			);
			runOnlyForDeploymentPostprocessing = 0;
			shellPath = /bin/sh;
			shellScript = "diff \"${PODS_PODFILE_DIR_PATH}/Podfile.lock\" \"${PODS_ROOT}/Manifest.lock\" > /dev/null\nif [ $? != 0 ] ; then\n    # print error to STDERR\n    echo \"error: The sandbox is not in sync with the Podfile.lock. Run 'pod install' or update your CocoaPods installation.\" >&2\n    exit 1\nfi\n# This output is used by Xcode 'outputs' to avoid re-running this script phase.\necho \"SUCCESS\" > \"${SCRIPT_OUTPUT_FILE_0}\"\n";
			showEnvVarsInLog = 0;
		};
		B2466A160D1CDD4A6ACF2E4F /* [CP] Embed Pods Frameworks */ = {
			isa = PBXShellScriptBuildPhase;
			buildActionMask = 2147483647;
			files = (
			);
			inputPaths = (
				"${SRCROOT}/Pods/Target Support Files/Pods-flix_app/Pods-flix_app-frameworks.sh",
				"${BUILT_PRODUCTS_DIR}/Alamofire/Alamofire.framework",
				"${BUILT_PRODUCTS_DIR}/AlamofireImage/AlamofireImage.framework",
				"${BUILT_PRODUCTS_DIR}/OAuthSwift/OAuthSwift.framework",
				"${BUILT_PRODUCTS_DIR}/OAuthSwiftAlamofire/OAuthSwiftAlamofire.framework",
			);
			name = "[CP] Embed Pods Frameworks";
			outputPaths = (
				"${TARGET_BUILD_DIR}/${FRAMEWORKS_FOLDER_PATH}/Alamofire.framework",
				"${TARGET_BUILD_DIR}/${FRAMEWORKS_FOLDER_PATH}/AlamofireImage.framework",
				"${TARGET_BUILD_DIR}/${FRAMEWORKS_FOLDER_PATH}/OAuthSwift.framework",
				"${TARGET_BUILD_DIR}/${FRAMEWORKS_FOLDER_PATH}/OAuthSwiftAlamofire.framework",
			);
			runOnlyForDeploymentPostprocessing = 0;
			shellPath = /bin/sh;
			shellScript = "\"${SRCROOT}/Pods/Target Support Files/Pods-flix_app/Pods-flix_app-frameworks.sh\"\n";
			showEnvVarsInLog = 0;
		};
/* End PBXShellScriptBuildPhase section */

/* Begin PBXSourcesBuildPhase section */
		74F65CBC2141F13B004C1AAA /* Sources */ = {
			isa = PBXSourcesBuildPhase;
			buildActionMask = 2147483647;
			files = (
				74F65CF221420B28004C1AAA /* NowPlayingViewController.swift in Sources */,
				74F65CC42141F13C004C1AAA /* AppDelegate.swift in Sources */,
				74FCAB96214468A600A3CAF1 /* MovieCell.swift in Sources */,
			);
			runOnlyForDeploymentPostprocessing = 0;
		};
		74F65CD02141F13D004C1AAA /* Sources */ = {
			isa = PBXSourcesBuildPhase;
			buildActionMask = 2147483647;
			files = (
				74F65CD92141F13D004C1AAA /* flix_appTests.swift in Sources */,
			);
			runOnlyForDeploymentPostprocessing = 0;
		};
		74F65CDB2141F13D004C1AAA /* Sources */ = {
			isa = PBXSourcesBuildPhase;
			buildActionMask = 2147483647;
			files = (
				74F65CE42141F13D004C1AAA /* flix_appUITests.swift in Sources */,
			);
			runOnlyForDeploymentPostprocessing = 0;
		};
/* End PBXSourcesBuildPhase section */

/* Begin PBXTargetDependency section */
		74F65CD62141F13D004C1AAA /* PBXTargetDependency */ = {
			isa = PBXTargetDependency;
			target = 74F65CBF2141F13B004C1AAA /* flix_app */;
			targetProxy = 74F65CD52141F13D004C1AAA /* PBXContainerItemProxy */;
		};
		74F65CE12141F13D004C1AAA /* PBXTargetDependency */ = {
			isa = PBXTargetDependency;
			target = 74F65CBF2141F13B004C1AAA /* flix_app */;
			targetProxy = 74F65CE02141F13D004C1AAA /* PBXContainerItemProxy */;
		};
/* End PBXTargetDependency section */

/* Begin PBXVariantGroup section */
		74F65CC72141F13C004C1AAA /* Main.storyboard */ = {
			isa = PBXVariantGroup;
			children = (
				74F65CC82141F13C004C1AAA /* Base */,
			);
			name = Main.storyboard;
			sourceTree = "<group>";
		};
		74F65CCC2141F13D004C1AAA /* LaunchScreen.storyboard */ = {
			isa = PBXVariantGroup;
			children = (
				74F65CCD2141F13D004C1AAA /* Base */,
			);
			name = LaunchScreen.storyboard;
			sourceTree = "<group>";
		};
/* End PBXVariantGroup section */

/* Begin XCBuildConfiguration section */
		74F65CE62141F13D004C1AAA /* Debug */ = {
			isa = XCBuildConfiguration;
			buildSettings = {
				ALWAYS_SEARCH_USER_PATHS = NO;
				CLANG_ANALYZER_NONNULL = YES;
				CLANG_ANALYZER_NUMBER_OBJECT_CONVERSION = YES_AGGRESSIVE;
				CLANG_CXX_LANGUAGE_STANDARD = "gnu++14";
				CLANG_CXX_LIBRARY = "libc++";
				CLANG_ENABLE_MODULES = YES;
				CLANG_ENABLE_OBJC_ARC = YES;
				CLANG_ENABLE_OBJC_WEAK = YES;
				CLANG_WARN_BLOCK_CAPTURE_AUTORELEASING = YES;
				CLANG_WARN_BOOL_CONVERSION = YES;
				CLANG_WARN_COMMA = YES;
				CLANG_WARN_CONSTANT_CONVERSION = YES;
				CLANG_WARN_DEPRECATED_OBJC_IMPLEMENTATIONS = YES;
				CLANG_WARN_DIRECT_OBJC_ISA_USAGE = YES_ERROR;
				CLANG_WARN_DOCUMENTATION_COMMENTS = YES;
				CLANG_WARN_EMPTY_BODY = YES;
				CLANG_WARN_ENUM_CONVERSION = YES;
				CLANG_WARN_INFINITE_RECURSION = YES;
				CLANG_WARN_INT_CONVERSION = YES;
				CLANG_WARN_NON_LITERAL_NULL_CONVERSION = YES;
				CLANG_WARN_OBJC_IMPLICIT_RETAIN_SELF = YES;
				CLANG_WARN_OBJC_LITERAL_CONVERSION = YES;
				CLANG_WARN_OBJC_ROOT_CLASS = YES_ERROR;
				CLANG_WARN_RANGE_LOOP_ANALYSIS = YES;
				CLANG_WARN_STRICT_PROTOTYPES = YES;
				CLANG_WARN_SUSPICIOUS_MOVE = YES;
				CLANG_WARN_UNGUARDED_AVAILABILITY = YES_AGGRESSIVE;
				CLANG_WARN_UNREACHABLE_CODE = YES;
				CLANG_WARN__DUPLICATE_METHOD_MATCH = YES;
				CODE_SIGN_IDENTITY = "iPhone Developer";
				COPY_PHASE_STRIP = NO;
				DEBUG_INFORMATION_FORMAT = dwarf;
				ENABLE_STRICT_OBJC_MSGSEND = YES;
				ENABLE_TESTABILITY = YES;
				GCC_C_LANGUAGE_STANDARD = gnu11;
				GCC_DYNAMIC_NO_PIC = NO;
				GCC_NO_COMMON_BLOCKS = YES;
				GCC_OPTIMIZATION_LEVEL = 0;
				GCC_PREPROCESSOR_DEFINITIONS = (
					"DEBUG=1",
					"$(inherited)",
				);
				GCC_WARN_64_TO_32_BIT_CONVERSION = YES;
				GCC_WARN_ABOUT_RETURN_TYPE = YES_ERROR;
				GCC_WARN_UNDECLARED_SELECTOR = YES;
				GCC_WARN_UNINITIALIZED_AUTOS = YES_AGGRESSIVE;
				GCC_WARN_UNUSED_FUNCTION = YES;
				GCC_WARN_UNUSED_VARIABLE = YES;
				IPHONEOS_DEPLOYMENT_TARGET = 11.4;
				MTL_ENABLE_DEBUG_INFO = YES;
				ONLY_ACTIVE_ARCH = YES;
				SDKROOT = iphoneos;
				SWIFT_ACTIVE_COMPILATION_CONDITIONS = DEBUG;
				SWIFT_OPTIMIZATION_LEVEL = "-Onone";
			};
			name = Debug;
		};
		74F65CE72141F13D004C1AAA /* Release */ = {
			isa = XCBuildConfiguration;
			buildSettings = {
				ALWAYS_SEARCH_USER_PATHS = NO;
				CLANG_ANALYZER_NONNULL = YES;
				CLANG_ANALYZER_NUMBER_OBJECT_CONVERSION = YES_AGGRESSIVE;
				CLANG_CXX_LANGUAGE_STANDARD = "gnu++14";
				CLANG_CXX_LIBRARY = "libc++";
				CLANG_ENABLE_MODULES = YES;
				CLANG_ENABLE_OBJC_ARC = YES;
				CLANG_ENABLE_OBJC_WEAK = YES;
				CLANG_WARN_BLOCK_CAPTURE_AUTORELEASING = YES;
				CLANG_WARN_BOOL_CONVERSION = YES;
				CLANG_WARN_COMMA = YES;
				CLANG_WARN_CONSTANT_CONVERSION = YES;
				CLANG_WARN_DEPRECATED_OBJC_IMPLEMENTATIONS = YES;
				CLANG_WARN_DIRECT_OBJC_ISA_USAGE = YES_ERROR;
				CLANG_WARN_DOCUMENTATION_COMMENTS = YES;
				CLANG_WARN_EMPTY_BODY = YES;
				CLANG_WARN_ENUM_CONVERSION = YES;
				CLANG_WARN_INFINITE_RECURSION = YES;
				CLANG_WARN_INT_CONVERSION = YES;
				CLANG_WARN_NON_LITERAL_NULL_CONVERSION = YES;
				CLANG_WARN_OBJC_IMPLICIT_RETAIN_SELF = YES;
				CLANG_WARN_OBJC_LITERAL_CONVERSION = YES;
				CLANG_WARN_OBJC_ROOT_CLASS = YES_ERROR;
				CLANG_WARN_RANGE_LOOP_ANALYSIS = YES;
				CLANG_WARN_STRICT_PROTOTYPES = YES;
				CLANG_WARN_SUSPICIOUS_MOVE = YES;
				CLANG_WARN_UNGUARDED_AVAILABILITY = YES_AGGRESSIVE;
				CLANG_WARN_UNREACHABLE_CODE = YES;
				CLANG_WARN__DUPLICATE_METHOD_MATCH = YES;
				CODE_SIGN_IDENTITY = "iPhone Developer";
				COPY_PHASE_STRIP = NO;
				DEBUG_INFORMATION_FORMAT = "dwarf-with-dsym";
				ENABLE_NS_ASSERTIONS = NO;
				ENABLE_STRICT_OBJC_MSGSEND = YES;
				GCC_C_LANGUAGE_STANDARD = gnu11;
				GCC_NO_COMMON_BLOCKS = YES;
				GCC_WARN_64_TO_32_BIT_CONVERSION = YES;
				GCC_WARN_ABOUT_RETURN_TYPE = YES_ERROR;
				GCC_WARN_UNDECLARED_SELECTOR = YES;
				GCC_WARN_UNINITIALIZED_AUTOS = YES_AGGRESSIVE;
				GCC_WARN_UNUSED_FUNCTION = YES;
				GCC_WARN_UNUSED_VARIABLE = YES;
				IPHONEOS_DEPLOYMENT_TARGET = 11.4;
				MTL_ENABLE_DEBUG_INFO = NO;
				SDKROOT = iphoneos;
				SWIFT_COMPILATION_MODE = wholemodule;
				SWIFT_OPTIMIZATION_LEVEL = "-O";
				VALIDATE_PRODUCT = YES;
			};
			name = Release;
		};
		74F65CE92141F13D004C1AAA /* Debug */ = {
			isa = XCBuildConfiguration;
			baseConfigurationReference = DCF9CB5FC6C5794D1B80931A /* Pods-flix_app.debug.xcconfig */;
			buildSettings = {
				ASSETCATALOG_COMPILER_APPICON_NAME = AppIcon;
				CODE_SIGN_STYLE = Automatic;
				INFOPLIST_FILE = flix_app/Info.plist;
				LD_RUNPATH_SEARCH_PATHS = (
					"$(inherited)",
					"@executable_path/Frameworks",
				);
				PRODUCT_BUNDLE_IDENTIFIER = "com.codepath.flix-app";
				PRODUCT_NAME = "$(TARGET_NAME)";
				SWIFT_VERSION = 4.0;
				TARGETED_DEVICE_FAMILY = "1,2";
			};
			name = Debug;
		};
		74F65CEA2141F13D004C1AAA /* Release */ = {
			isa = XCBuildConfiguration;
			baseConfigurationReference = B21E5CE57A5538E86124494A /* Pods-flix_app.release.xcconfig */;
			buildSettings = {
				ASSETCATALOG_COMPILER_APPICON_NAME = AppIcon;
				CODE_SIGN_STYLE = Automatic;
				INFOPLIST_FILE = flix_app/Info.plist;
				LD_RUNPATH_SEARCH_PATHS = (
					"$(inherited)",
					"@executable_path/Frameworks",
				);
				PRODUCT_BUNDLE_IDENTIFIER = "com.codepath.flix-app";
				PRODUCT_NAME = "$(TARGET_NAME)";
				SWIFT_VERSION = 4.0;
				TARGETED_DEVICE_FAMILY = "1,2";
			};
			name = Release;
		};
		74F65CEC2141F13D004C1AAA /* Debug */ = {
			isa = XCBuildConfiguration;
			baseConfigurationReference = 63E7D6F767A963959F708B8D /* Pods-flix_appTests.debug.xcconfig */;
			buildSettings = {
				ALWAYS_EMBED_SWIFT_STANDARD_LIBRARIES = YES;
				BUNDLE_LOADER = "$(TEST_HOST)";
				CODE_SIGN_STYLE = Automatic;
				INFOPLIST_FILE = flix_appTests/Info.plist;
				LD_RUNPATH_SEARCH_PATHS = (
					"$(inherited)",
					"@executable_path/Frameworks",
					"@loader_path/Frameworks",
				);
				PRODUCT_BUNDLE_IDENTIFIER = "com.codepath.flix-appTests";
				PRODUCT_NAME = "$(TARGET_NAME)";
				SWIFT_VERSION = 4.0;
				TARGETED_DEVICE_FAMILY = "1,2";
				TEST_HOST = "$(BUILT_PRODUCTS_DIR)/flix_app.app/flix_app";
			};
			name = Debug;
		};
		74F65CED2141F13D004C1AAA /* Release */ = {
			isa = XCBuildConfiguration;
			baseConfigurationReference = 95B5A650E9AC0A4F26202074 /* Pods-flix_appTests.release.xcconfig */;
			buildSettings = {
				ALWAYS_EMBED_SWIFT_STANDARD_LIBRARIES = YES;
				BUNDLE_LOADER = "$(TEST_HOST)";
				CODE_SIGN_STYLE = Automatic;
				INFOPLIST_FILE = flix_appTests/Info.plist;
				LD_RUNPATH_SEARCH_PATHS = (
					"$(inherited)",
					"@executable_path/Frameworks",
					"@loader_path/Frameworks",
				);
				PRODUCT_BUNDLE_IDENTIFIER = "com.codepath.flix-appTests";
				PRODUCT_NAME = "$(TARGET_NAME)";
				SWIFT_VERSION = 4.0;
				TARGETED_DEVICE_FAMILY = "1,2";
				TEST_HOST = "$(BUILT_PRODUCTS_DIR)/flix_app.app/flix_app";
			};
			name = Release;
		};
		74F65CEF2141F13D004C1AAA /* Debug */ = {
			isa = XCBuildConfiguration;
			baseConfigurationReference = 2D6C2C1F79564ECB973F02DB /* Pods-flix_appUITests.debug.xcconfig */;
			buildSettings = {
				ALWAYS_EMBED_SWIFT_STANDARD_LIBRARIES = YES;
				CODE_SIGN_STYLE = Automatic;
				INFOPLIST_FILE = flix_appUITests/Info.plist;
				LD_RUNPATH_SEARCH_PATHS = (
					"$(inherited)",
					"@executable_path/Frameworks",
					"@loader_path/Frameworks",
				);
				PRODUCT_BUNDLE_IDENTIFIER = "com.codepath.flix-appUITests";
				PRODUCT_NAME = "$(TARGET_NAME)";
				SWIFT_VERSION = 4.0;
				TARGETED_DEVICE_FAMILY = "1,2";
				TEST_TARGET_NAME = flix_app;
			};
			name = Debug;
		};
		74F65CF02141F13D004C1AAA /* Release */ = {
			isa = XCBuildConfiguration;
			baseConfigurationReference = 495E382C9FA6F66540C386C4 /* Pods-flix_appUITests.release.xcconfig */;
			buildSettings = {
				ALWAYS_EMBED_SWIFT_STANDARD_LIBRARIES = YES;
				CODE_SIGN_STYLE = Automatic;
				INFOPLIST_FILE = flix_appUITests/Info.plist;
				LD_RUNPATH_SEARCH_PATHS = (
					"$(inherited)",
					"@executable_path/Frameworks",
					"@loader_path/Frameworks",
				);
				PRODUCT_BUNDLE_IDENTIFIER = "com.codepath.flix-appUITests";
				PRODUCT_NAME = "$(TARGET_NAME)";
				SWIFT_VERSION = 4.0;
				TARGETED_DEVICE_FAMILY = "1,2";
				TEST_TARGET_NAME = flix_app;
			};
			name = Release;
		};
/* End XCBuildConfiguration section */

/* Begin XCConfigurationList section */
		74F65CBB2141F13B004C1AAA /* Build configuration list for PBXProject "flix_app" */ = {
			isa = XCConfigurationList;
			buildConfigurations = (
				74F65CE62141F13D004C1AAA /* Debug */,
				74F65CE72141F13D004C1AAA /* Release */,
			);
			defaultConfigurationIsVisible = 0;
			defaultConfigurationName = Release;
		};
		74F65CE82141F13D004C1AAA /* Build configuration list for PBXNativeTarget "flix_app" */ = {
			isa = XCConfigurationList;
			buildConfigurations = (
				74F65CE92141F13D004C1AAA /* Debug */,
				74F65CEA2141F13D004C1AAA /* Release */,
			);
			defaultConfigurationIsVisible = 0;
			defaultConfigurationName = Release;
		};
		74F65CEB2141F13D004C1AAA /* Build configuration list for PBXNativeTarget "flix_appTests" */ = {
			isa = XCConfigurationList;
			buildConfigurations = (
				74F65CEC2141F13D004C1AAA /* Debug */,
				74F65CED2141F13D004C1AAA /* Release */,
			);
			defaultConfigurationIsVisible = 0;
			defaultConfigurationName = Release;
		};
		74F65CEE2141F13D004C1AAA /* Build configuration list for PBXNativeTarget "flix_appUITests" */ = {
			isa = XCConfigurationList;
			buildConfigurations = (
				74F65CEF2141F13D004C1AAA /* Debug */,
				74F65CF02141F13D004C1AAA /* Release */,
			);
			defaultConfigurationIsVisible = 0;
			defaultConfigurationName = Release;
		};
/* End XCConfigurationList section */
	};
	rootObject = 74F65CB82141F13B004C1AAA /* Project object */;
}
